// !$*UTF8*$!
{
	archiveVersion = 1;
	classes = {
	};
	objectVersion = 46;
	objects = {

/* Begin PBXBuildFile section */
		AF3462241E53F34800347DFE /* UIView+Ext.swift in Sources */ = {isa = PBXBuildFile; fileRef = AF3462231E53F34800347DFE /* UIView+Ext.swift */; };
		AF4033C81E3FE8E60046C10B /* String+Ext.swift in Sources */ = {isa = PBXBuildFile; fileRef = AF4033C71E3FE8E60046C10B /* String+Ext.swift */; };
		AF4033CF1E3FEAAC0046C10B /* StringManipulator.swift in Sources */ = {isa = PBXBuildFile; fileRef = AF4033CE1E3FEAAC0046C10B /* StringManipulator.swift */; };
		AF5019091E35C88600F4E3B6 /* ProperKeyboard.xib in Resources */ = {isa = PBXBuildFile; fileRef = AF5019081E35C88600F4E3B6 /* ProperKeyboard.xib */; };
		AF50190A1E35CE7E00F4E3B6 /* ProperKeyboard.xib in Resources */ = {isa = PBXBuildFile; fileRef = AF5019081E35C88600F4E3B6 /* ProperKeyboard.xib */; };
		AF66A6201E5D5681004A0F15 /* Heebo-Medium.ttf in Resources */ = {isa = PBXBuildFile; fileRef = AF66A61F1E5D5681004A0F15 /* Heebo-Medium.ttf */; };
		AF66A6221E5D5697004A0F15 /* Heebo-Bold.ttf in Resources */ = {isa = PBXBuildFile; fileRef = AF66A6211E5D5697004A0F15 /* Heebo-Bold.ttf */; };
		AF66A6241E5D5795004A0F15 /* Extrude.ttf in Resources */ = {isa = PBXBuildFile; fileRef = AF66A6231E5D5795004A0F15 /* Extrude.ttf */; };
		AF66A6271E5D5883004A0F15 /* CLTypingLabel.swift in Sources */ = {isa = PBXBuildFile; fileRef = AF66A6261E5D5883004A0F15 /* CLTypingLabel.swift */; };
		AF66A6281E5D6031004A0F15 /* StringManipulator.swift in Sources */ = {isa = PBXBuildFile; fileRef = AF4033CE1E3FEAAC0046C10B /* StringManipulator.swift */; };
		AF66A62A1E5D69D5004A0F15 /* Heebo-Light.ttf in Resources */ = {isa = PBXBuildFile; fileRef = AF66A6291E5D69D5004A0F15 /* Heebo-Light.ttf */; };
		AF8A84611E36EE5200A8E54A /* IdealKeyboardView.xib in Resources */ = {isa = PBXBuildFile; fileRef = AF8A84601E36EE5200A8E54A /* IdealKeyboardView.xib */; };
		AF8A84621E36EE5200A8E54A /* IdealKeyboardView.xib in Resources */ = {isa = PBXBuildFile; fileRef = AF8A84601E36EE5200A8E54A /* IdealKeyboardView.xib */; };
		AF8A84641E36EF4100A8E54A /* CircularButton.swift in Sources */ = {isa = PBXBuildFile; fileRef = AF8A84631E36EF4100A8E54A /* CircularButton.swift */; };
		AF8A84651E36EF4100A8E54A /* CircularButton.swift in Sources */ = {isa = PBXBuildFile; fileRef = AF8A84631E36EF4100A8E54A /* CircularButton.swift */; };
		AF8FF9891E35B10300392FA2 /* AppDelegate.swift in Sources */ = {isa = PBXBuildFile; fileRef = AF8FF9881E35B10300392FA2 /* AppDelegate.swift */; };
		AF8FF98B1E35B10300392FA2 /* ViewController.swift in Sources */ = {isa = PBXBuildFile; fileRef = AF8FF98A1E35B10300392FA2 /* ViewController.swift */; };
		AF8FF98E1E35B10300392FA2 /* Main.storyboard in Resources */ = {isa = PBXBuildFile; fileRef = AF8FF98C1E35B10300392FA2 /* Main.storyboard */; };
		AF8FF9901E35B10300392FA2 /* Assets.xcassets in Resources */ = {isa = PBXBuildFile; fileRef = AF8FF98F1E35B10300392FA2 /* Assets.xcassets */; };
		AF8FF9931E35B10300392FA2 /* LaunchScreen.storyboard in Resources */ = {isa = PBXBuildFile; fileRef = AF8FF9911E35B10300392FA2 /* LaunchScreen.storyboard */; };
		AF8FF9A11E35B13B00392FA2 /* KeyboardViewController.swift in Sources */ = {isa = PBXBuildFile; fileRef = AF8FF9A01E35B13B00392FA2 /* KeyboardViewController.swift */; };
		AF8FF9A51E35B13B00392FA2 /* dashes-keyboard.appex in Embed App Extensions */ = {isa = PBXBuildFile; fileRef = AF8FF99E1E35B13B00392FA2 /* dashes-keyboard.appex */; settings = {ATTRIBUTES = (RemoveHeadersOnCopy, ); }; };
/* End PBXBuildFile section */

/* Begin PBXContainerItemProxy section */
		AF8FF9A31E35B13B00392FA2 /* PBXContainerItemProxy */ = {
			isa = PBXContainerItemProxy;
			containerPortal = AF8FF97D1E35B10300392FA2 /* Project object */;
			proxyType = 1;
			remoteGlobalIDString = AF8FF99D1E35B13B00392FA2;
			remoteInfo = "dashes-keyboard";
		};
/* End PBXContainerItemProxy section */

/* Begin PBXCopyFilesBuildPhase section */
		AF8FF9A91E35B13B00392FA2 /* Embed App Extensions */ = {
			isa = PBXCopyFilesBuildPhase;
			buildActionMask = 2147483647;
			dstPath = "";
			dstSubfolderSpec = 13;
			files = (
				AF8FF9A51E35B13B00392FA2 /* dashes-keyboard.appex in Embed App Extensions */,
			);
			name = "Embed App Extensions";
			runOnlyForDeploymentPostprocessing = 0;
		};
/* End PBXCopyFilesBuildPhase section */

/* Begin PBXFileReference section */
		AF3462231E53F34800347DFE /* UIView+Ext.swift */ = {isa = PBXFileReference; fileEncoding = 4; lastKnownFileType = sourcecode.swift; path = "UIView+Ext.swift"; sourceTree = "<group>"; };
		AF4033C71E3FE8E60046C10B /* String+Ext.swift */ = {isa = PBXFileReference; fileEncoding = 4; lastKnownFileType = sourcecode.swift; path = "String+Ext.swift"; sourceTree = "<group>"; };
		AF4033CE1E3FEAAC0046C10B /* StringManipulator.swift */ = {isa = PBXFileReference; fileEncoding = 4; lastKnownFileType = sourcecode.swift; path = StringManipulator.swift; sourceTree = "<group>"; };
		AF5019081E35C88600F4E3B6 /* ProperKeyboard.xib */ = {isa = PBXFileReference; fileEncoding = 4; lastKnownFileType = file.xib; path = ProperKeyboard.xib; sourceTree = "<group>"; };
		AF66A61F1E5D5681004A0F15 /* Heebo-Medium.ttf */ = {isa = PBXFileReference; lastKnownFileType = file; name = "Heebo-Medium.ttf"; path = "../../../../Library/Fonts/Heebo-Medium.ttf"; sourceTree = "<group>"; };
		AF66A6211E5D5697004A0F15 /* Heebo-Bold.ttf */ = {isa = PBXFileReference; lastKnownFileType = file; name = "Heebo-Bold.ttf"; path = "../../../../Library/Fonts/Heebo-Bold.ttf"; sourceTree = "<group>"; };
		AF66A6231E5D5795004A0F15 /* Extrude.ttf */ = {isa = PBXFileReference; lastKnownFileType = file; name = Extrude.ttf; path = ../../../../Library/Fonts/Extrude.ttf; sourceTree = "<group>"; };
		AF66A6261E5D5883004A0F15 /* CLTypingLabel.swift */ = {isa = PBXFileReference; fileEncoding = 4; lastKnownFileType = sourcecode.swift; path = CLTypingLabel.swift; sourceTree = "<group>"; };
		AF66A6291E5D69D5004A0F15 /* Heebo-Light.ttf */ = {isa = PBXFileReference; lastKnownFileType = file; name = "Heebo-Light.ttf"; path = "../../../../Downloads/Heebo/Heebo-Light.ttf"; sourceTree = "<group>"; };
		AF809CA91E650A6000261696 /* d-a-s-h-e-s.entitlements */ = {isa = PBXFileReference; lastKnownFileType = text.plist.entitlements; path = "d-a-s-h-e-s.entitlements"; sourceTree = "<group>"; };
		AF8A84601E36EE5200A8E54A /* IdealKeyboardView.xib */ = {isa = PBXFileReference; fileEncoding = 4; lastKnownFileType = file.xib; path = IdealKeyboardView.xib; sourceTree = "<group>"; };
		AF8A84631E36EF4100A8E54A /* CircularButton.swift */ = {isa = PBXFileReference; fileEncoding = 4; lastKnownFileType = sourcecode.swift; path = CircularButton.swift; sourceTree = "<group>"; };
		AF8FF9851E35B10300392FA2 /* d-a-s-h-e-s.app */ = {isa = PBXFileReference; explicitFileType = wrapper.application; includeInIndex = 0; path = "d-a-s-h-e-s.app"; sourceTree = BUILT_PRODUCTS_DIR; };
		AF8FF9881E35B10300392FA2 /* AppDelegate.swift */ = {isa = PBXFileReference; lastKnownFileType = sourcecode.swift; path = AppDelegate.swift; sourceTree = "<group>"; };
		AF8FF98A1E35B10300392FA2 /* ViewController.swift */ = {isa = PBXFileReference; lastKnownFileType = sourcecode.swift; path = ViewController.swift; sourceTree = "<group>"; };
		AF8FF98D1E35B10300392FA2 /* Base */ = {isa = PBXFileReference; lastKnownFileType = file.storyboard; name = Base; path = Base.lproj/Main.storyboard; sourceTree = "<group>"; };
		AF8FF98F1E35B10300392FA2 /* Assets.xcassets */ = {isa = PBXFileReference; lastKnownFileType = folder.assetcatalog; path = Assets.xcassets; sourceTree = "<group>"; };
		AF8FF9921E35B10300392FA2 /* Base */ = {isa = PBXFileReference; lastKnownFileType = file.storyboard; name = Base; path = Base.lproj/LaunchScreen.storyboard; sourceTree = "<group>"; };
		AF8FF9941E35B10300392FA2 /* Info.plist */ = {isa = PBXFileReference; lastKnownFileType = text.plist.xml; path = Info.plist; sourceTree = "<group>"; };
		AF8FF99E1E35B13B00392FA2 /* dashes-keyboard.appex */ = {isa = PBXFileReference; explicitFileType = "wrapper.app-extension"; includeInIndex = 0; path = "dashes-keyboard.appex"; sourceTree = BUILT_PRODUCTS_DIR; };
		AF8FF9A01E35B13B00392FA2 /* KeyboardViewController.swift */ = {isa = PBXFileReference; lastKnownFileType = sourcecode.swift; path = KeyboardViewController.swift; sourceTree = "<group>"; };
		AF8FF9A21E35B13B00392FA2 /* Info.plist */ = {isa = PBXFileReference; lastKnownFileType = text.plist.xml; path = Info.plist; sourceTree = "<group>"; };
/* End PBXFileReference section */

/* Begin PBXFrameworksBuildPhase section */
		AF8FF9821E35B10300392FA2 /* Frameworks */ = {
			isa = PBXFrameworksBuildPhase;
			buildActionMask = 2147483647;
			files = (
			);
			runOnlyForDeploymentPostprocessing = 0;
		};
		AF8FF99B1E35B13B00392FA2 /* Frameworks */ = {
			isa = PBXFrameworksBuildPhase;
			buildActionMask = 2147483647;
			files = (
			);
			runOnlyForDeploymentPostprocessing = 0;
		};
/* End PBXFrameworksBuildPhase section */

/* Begin PBXGroup section */
		AF4033C91E3FE8EB0046C10B /* Extensions */ = {
			isa = PBXGroup;
			children = (
				AF4033C71E3FE8E60046C10B /* String+Ext.swift */,
				AF3462231E53F34800347DFE /* UIView+Ext.swift */,
			);
			name = Extensions;
			sourceTree = "<group>";
		};
		AF4033CA1E3FE8FD0046C10B /* XIBs */ = {
			isa = PBXGroup;
			children = (
				AF5019081E35C88600F4E3B6 /* ProperKeyboard.xib */,
				AF8A84601E36EE5200A8E54A /* IdealKeyboardView.xib */,
			);
			name = XIBs;
			sourceTree = "<group>";
		};
		AF4033CB1E3FE9180046C10B /* Controllers */ = {
			isa = PBXGroup;
			children = (
				AF8FF9A01E35B13B00392FA2 /* KeyboardViewController.swift */,
			);
			name = Controllers;
			sourceTree = "<group>";
		};
		AF4033CC1E3FE92B0046C10B /* Views */ = {
			isa = PBXGroup;
			children = (
				AF8A84631E36EF4100A8E54A /* CircularButton.swift */,
			);
			name = Views;
			sourceTree = "<group>";
		};
		AF4033CD1E3FEA8B0046C10B /* Utilities */ = {
			isa = PBXGroup;
			children = (
				AF4033CE1E3FEAAC0046C10B /* StringManipulator.swift */,
			);
			name = Utilities;
			sourceTree = "<group>";
		};
		AF66A61E1E5D5657004A0F15 /* fonts */ = {
			isa = PBXGroup;
			children = (
				AF66A61F1E5D5681004A0F15 /* Heebo-Medium.ttf */,
				AF66A6231E5D5795004A0F15 /* Extrude.ttf */,
				AF66A6291E5D69D5004A0F15 /* Heebo-Light.ttf */,
				AF66A6211E5D5697004A0F15 /* Heebo-Bold.ttf */,
			);
			name = fonts;
			sourceTree = "<group>";
		};
		AF66A6251E5D586B004A0F15 /* support */ = {
			isa = PBXGroup;
			children = (
				AF66A6261E5D5883004A0F15 /* CLTypingLabel.swift */,
			);
			name = support;
			sourceTree = "<group>";
		};
		AF8FF97C1E35B10300392FA2 = {
			isa = PBXGroup;
			children = (
				AF8FF9871E35B10300392FA2 /* d-a-s-h-e-s */,
				AF8FF99F1E35B13B00392FA2 /* dashes-keyboard */,
				AF8FF9861E35B10300392FA2 /* Products */,
			);
			sourceTree = "<group>";
		};
		AF8FF9861E35B10300392FA2 /* Products */ = {
			isa = PBXGroup;
			children = (
				AF8FF9851E35B10300392FA2 /* d-a-s-h-e-s.app */,
				AF8FF99E1E35B13B00392FA2 /* dashes-keyboard.appex */,
			);
			name = Products;
			sourceTree = "<group>";
		};
		AF8FF9871E35B10300392FA2 /* d-a-s-h-e-s */ = {
			isa = PBXGroup;
			children = (
				AF809CA91E650A6000261696 /* d-a-s-h-e-s.entitlements */,
				AF66A6251E5D586B004A0F15 /* support */,
				AF66A61E1E5D5657004A0F15 /* fonts */,
				AF8FF9881E35B10300392FA2 /* AppDelegate.swift */,
				AF8FF98A1E35B10300392FA2 /* ViewController.swift */,
				AF8FF98C1E35B10300392FA2 /* Main.storyboard */,
				AF8FF98F1E35B10300392FA2 /* Assets.xcassets */,
				AF8FF9911E35B10300392FA2 /* LaunchScreen.storyboard */,
				AF8FF9941E35B10300392FA2 /* Info.plist */,
			);
			path = "d-a-s-h-e-s";
			sourceTree = "<group>";
		};
		AF8FF99F1E35B13B00392FA2 /* dashes-keyboard */ = {
			isa = PBXGroup;
			children = (
				AF4033CD1E3FEA8B0046C10B /* Utilities */,
				AF4033CC1E3FE92B0046C10B /* Views */,
				AF4033CB1E3FE9180046C10B /* Controllers */,
				AF4033CA1E3FE8FD0046C10B /* XIBs */,
				AF4033C91E3FE8EB0046C10B /* Extensions */,
				AF8FF9A21E35B13B00392FA2 /* Info.plist */,
			);
			path = "dashes-keyboard";
			sourceTree = "<group>";
		};
/* End PBXGroup section */

/* Begin PBXNativeTarget section */
		AF8FF9841E35B10300392FA2 /* d-a-s-h-e-s */ = {
			isa = PBXNativeTarget;
			buildConfigurationList = AF8FF9971E35B10300392FA2 /* Build configuration list for PBXNativeTarget "d-a-s-h-e-s" */;
			buildPhases = (
				AF8FF9811E35B10300392FA2 /* Sources */,
				AF8FF9821E35B10300392FA2 /* Frameworks */,
				AF8FF9831E35B10300392FA2 /* Resources */,
				AF8FF9A91E35B13B00392FA2 /* Embed App Extensions */,
			);
			buildRules = (
			);
			dependencies = (
				AF8FF9A41E35B13B00392FA2 /* PBXTargetDependency */,
			);
			name = "d-a-s-h-e-s";
			productName = "d-a-s-h-e-s";
			productReference = AF8FF9851E35B10300392FA2 /* d-a-s-h-e-s.app */;
			productType = "com.apple.product-type.application";
		};
		AF8FF99D1E35B13B00392FA2 /* dashes-keyboard */ = {
			isa = PBXNativeTarget;
			buildConfigurationList = AF8FF9A61E35B13B00392FA2 /* Build configuration list for PBXNativeTarget "dashes-keyboard" */;
			buildPhases = (
				AF8FF99A1E35B13B00392FA2 /* Sources */,
				AF8FF99B1E35B13B00392FA2 /* Frameworks */,
				AF8FF99C1E35B13B00392FA2 /* Resources */,
			);
			buildRules = (
			);
			dependencies = (
			);
			name = "dashes-keyboard";
			productName = "dashes-keyboard";
			productReference = AF8FF99E1E35B13B00392FA2 /* dashes-keyboard.appex */;
			productType = "com.apple.product-type.app-extension";
		};
/* End PBXNativeTarget section */

/* Begin PBXProject section */
		AF8FF97D1E35B10300392FA2 /* Project object */ = {
			isa = PBXProject;
			attributes = {
				LastSwiftUpdateCheck = 0820;
				LastUpgradeCheck = 0930;
				ORGANIZATIONNAME = "Student Driver";
				TargetAttributes = {
					AF8FF9841E35B10300392FA2 = {
						CreatedOnToolsVersion = 8.2.1;
						DevelopmentTeam = ND43N89R4B;
						LastSwiftMigration = 0930;
						ProvisioningStyle = Automatic;
						SystemCapabilities = {
							com.apple.ApplicationGroups.iOS = {
								enabled = 1;
							};
						};
					};
					AF8FF99D1E35B13B00392FA2 = {
						CreatedOnToolsVersion = 8.2.1;
						DevelopmentTeam = ND43N89R4B;
						LastSwiftMigration = 0930;
						ProvisioningStyle = Automatic;
					};
				};
			};
			buildConfigurationList = AF8FF9801E35B10300392FA2 /* Build configuration list for PBXProject "d-a-s-h-e-s" */;
			compatibilityVersion = "Xcode 3.2";
			developmentRegion = English;
			hasScannedForEncodings = 0;
			knownRegions = (
				en,
				Base,
			);
			mainGroup = AF8FF97C1E35B10300392FA2;
			productRefGroup = AF8FF9861E35B10300392FA2 /* Products */;
			projectDirPath = "";
			projectRoot = "";
			targets = (
				AF8FF9841E35B10300392FA2 /* d-a-s-h-e-s */,
				AF8FF99D1E35B13B00392FA2 /* dashes-keyboard */,
			);
		};
/* End PBXProject section */

/* Begin PBXResourcesBuildPhase section */
		AF8FF9831E35B10300392FA2 /* Resources */ = {
			isa = PBXResourcesBuildPhase;
			buildActionMask = 2147483647;
			files = (
				AF66A6241E5D5795004A0F15 /* Extrude.ttf in Resources */,
				AF66A62A1E5D69D5004A0F15 /* Heebo-Light.ttf in Resources */,
				AF5019091E35C88600F4E3B6 /* ProperKeyboard.xib in Resources */,
				AF8FF9931E35B10300392FA2 /* LaunchScreen.storyboard in Resources */,
				AF66A6221E5D5697004A0F15 /* Heebo-Bold.ttf in Resources */,
				AF8A84611E36EE5200A8E54A /* IdealKeyboardView.xib in Resources */,
				AF66A6201E5D5681004A0F15 /* Heebo-Medium.ttf in Resources */,
				AF8FF9901E35B10300392FA2 /* Assets.xcassets in Resources */,
				AF8FF98E1E35B10300392FA2 /* Main.storyboard in Resources */,
			);
			runOnlyForDeploymentPostprocessing = 0;
		};
		AF8FF99C1E35B13B00392FA2 /* Resources */ = {
			isa = PBXResourcesBuildPhase;
			buildActionMask = 2147483647;
			files = (
				AF50190A1E35CE7E00F4E3B6 /* ProperKeyboard.xib in Resources */,
				AF8A84621E36EE5200A8E54A /* IdealKeyboardView.xib in Resources */,
			);
			runOnlyForDeploymentPostprocessing = 0;
		};
/* End PBXResourcesBuildPhase section */

/* Begin PBXSourcesBuildPhase section */
		AF8FF9811E35B10300392FA2 /* Sources */ = {
			isa = PBXSourcesBuildPhase;
			buildActionMask = 2147483647;
			files = (
				AF66A6271E5D5883004A0F15 /* CLTypingLabel.swift in Sources */,
				AF8FF98B1E35B10300392FA2 /* ViewController.swift in Sources */,
				AF66A6281E5D6031004A0F15 /* StringManipulator.swift in Sources */,
				AF8FF9891E35B10300392FA2 /* AppDelegate.swift in Sources */,
				AF8A84641E36EF4100A8E54A /* CircularButton.swift in Sources */,
			);
			runOnlyForDeploymentPostprocessing = 0;
		};
		AF8FF99A1E35B13B00392FA2 /* Sources */ = {
			isa = PBXSourcesBuildPhase;
			buildActionMask = 2147483647;
			files = (
				AF4033C81E3FE8E60046C10B /* String+Ext.swift in Sources */,
				AF4033CF1E3FEAAC0046C10B /* StringManipulator.swift in Sources */,
				AF3462241E53F34800347DFE /* UIView+Ext.swift in Sources */,
				AF8A84651E36EF4100A8E54A /* CircularButton.swift in Sources */,
				AF8FF9A11E35B13B00392FA2 /* KeyboardViewController.swift in Sources */,
			);
			runOnlyForDeploymentPostprocessing = 0;
		};
/* End PBXSourcesBuildPhase section */

/* Begin PBXTargetDependency section */
		AF8FF9A41E35B13B00392FA2 /* PBXTargetDependency */ = {
			isa = PBXTargetDependency;
			target = AF8FF99D1E35B13B00392FA2 /* dashes-keyboard */;
			targetProxy = AF8FF9A31E35B13B00392FA2 /* PBXContainerItemProxy */;
		};
/* End PBXTargetDependency section */

/* Begin PBXVariantGroup section */
		AF8FF98C1E35B10300392FA2 /* Main.storyboard */ = {
			isa = PBXVariantGroup;
			children = (
				AF8FF98D1E35B10300392FA2 /* Base */,
			);
			name = Main.storyboard;
			sourceTree = "<group>";
		};
		AF8FF9911E35B10300392FA2 /* LaunchScreen.storyboard */ = {
			isa = PBXVariantGroup;
			children = (
				AF8FF9921E35B10300392FA2 /* Base */,
			);
			name = LaunchScreen.storyboard;
			sourceTree = "<group>";
		};
/* End PBXVariantGroup section */

/* Begin XCBuildConfiguration section */
		AF8FF9951E35B10300392FA2 /* Debug */ = {
			isa = XCBuildConfiguration;
			buildSettings = {
				ALWAYS_SEARCH_USER_PATHS = NO;
				CLANG_ANALYZER_NONNULL = YES;
				CLANG_CXX_LANGUAGE_STANDARD = "gnu++0x";
				CLANG_CXX_LIBRARY = "libc++";
				CLANG_ENABLE_MODULES = YES;
				CLANG_ENABLE_OBJC_ARC = YES;
				CLANG_WARN_BLOCK_CAPTURE_AUTORELEASING = YES;
				CLANG_WARN_BOOL_CONVERSION = YES;
				CLANG_WARN_COMMA = YES;
				CLANG_WARN_CONSTANT_CONVERSION = YES;
				CLANG_WARN_DEPRECATED_OBJC_IMPLEMENTATIONS = YES;
				CLANG_WARN_DIRECT_OBJC_ISA_USAGE = YES_ERROR;
				CLANG_WARN_DOCUMENTATION_COMMENTS = YES;
				CLANG_WARN_EMPTY_BODY = YES;
				CLANG_WARN_ENUM_CONVERSION = YES;
				CLANG_WARN_INFINITE_RECURSION = YES;
				CLANG_WARN_INT_CONVERSION = YES;
				CLANG_WARN_NON_LITERAL_NULL_CONVERSION = YES;
				CLANG_WARN_OBJC_IMPLICIT_RETAIN_SELF = YES;
				CLANG_WARN_OBJC_LITERAL_CONVERSION = YES;
				CLANG_WARN_OBJC_ROOT_CLASS = YES_ERROR;
				CLANG_WARN_RANGE_LOOP_ANALYSIS = YES;
				CLANG_WARN_STRICT_PROTOTYPES = YES;
				CLANG_WARN_SUSPICIOUS_MOVE = YES;
				CLANG_WARN_UNREACHABLE_CODE = YES;
				CLANG_WARN__DUPLICATE_METHOD_MATCH = YES;
				"CODE_SIGN_IDENTITY[sdk=iphoneos*]" = "iPhone Developer";
				COPY_PHASE_STRIP = NO;
				DEBUG_INFORMATION_FORMAT = dwarf;
				ENABLE_STRICT_OBJC_MSGSEND = YES;
				ENABLE_TESTABILITY = YES;
				GCC_C_LANGUAGE_STANDARD = gnu99;
				GCC_DYNAMIC_NO_PIC = NO;
				GCC_NO_COMMON_BLOCKS = YES;
				GCC_OPTIMIZATION_LEVEL = 0;
				GCC_PREPROCESSOR_DEFINITIONS = (
					"DEBUG=1",
					"$(inherited)",
				);
				GCC_WARN_64_TO_32_BIT_CONVERSION = YES;
				GCC_WARN_ABOUT_RETURN_TYPE = YES_ERROR;
				GCC_WARN_UNDECLARED_SELECTOR = YES;
				GCC_WARN_UNINITIALIZED_AUTOS = YES_AGGRESSIVE;
				GCC_WARN_UNUSED_FUNCTION = YES;
				GCC_WARN_UNUSED_VARIABLE = YES;
				IPHONEOS_DEPLOYMENT_TARGET = 10.2;
				MTL_ENABLE_DEBUG_INFO = YES;
				ONLY_ACTIVE_ARCH = YES;
				SDKROOT = iphoneos;
				SWIFT_ACTIVE_COMPILATION_CONDITIONS = DEBUG;
				SWIFT_OPTIMIZATION_LEVEL = "-Onone";
			};
			name = Debug;
		};
		AF8FF9961E35B10300392FA2 /* Release */ = {
			isa = XCBuildConfiguration;
			buildSettings = {
				ALWAYS_SEARCH_USER_PATHS = NO;
				CLANG_ANALYZER_NONNULL = YES;
				CLANG_CXX_LANGUAGE_STANDARD = "gnu++0x";
				CLANG_CXX_LIBRARY = "libc++";
				CLANG_ENABLE_MODULES = YES;
				CLANG_ENABLE_OBJC_ARC = YES;
				CLANG_WARN_BLOCK_CAPTURE_AUTORELEASING = YES;
				CLANG_WARN_BOOL_CONVERSION = YES;
				CLANG_WARN_COMMA = YES;
				CLANG_WARN_CONSTANT_CONVERSION = YES;
				CLANG_WARN_DEPRECATED_OBJC_IMPLEMENTATIONS = YES;
				CLANG_WARN_DIRECT_OBJC_ISA_USAGE = YES_ERROR;
				CLANG_WARN_DOCUMENTATION_COMMENTS = YES;
				CLANG_WARN_EMPTY_BODY = YES;
				CLANG_WARN_ENUM_CONVERSION = YES;
				CLANG_WARN_INFINITE_RECURSION = YES;
				CLANG_WARN_INT_CONVERSION = YES;
				CLANG_WARN_NON_LITERAL_NULL_CONVERSION = YES;
				CLANG_WARN_OBJC_IMPLICIT_RETAIN_SELF = YES;
				CLANG_WARN_OBJC_LITERAL_CONVERSION = YES;
				CLANG_WARN_OBJC_ROOT_CLASS = YES_ERROR;
				CLANG_WARN_RANGE_LOOP_ANALYSIS = YES;
				CLANG_WARN_STRICT_PROTOTYPES = YES;
				CLANG_WARN_SUSPICIOUS_MOVE = YES;
				CLANG_WARN_UNREACHABLE_CODE = YES;
				CLANG_WARN__DUPLICATE_METHOD_MATCH = YES;
				"CODE_SIGN_IDENTITY[sdk=iphoneos*]" = "iPhone Developer";
				COPY_PHASE_STRIP = NO;
				DEBUG_INFORMATION_FORMAT = "dwarf-with-dsym";
				ENABLE_NS_ASSERTIONS = NO;
				ENABLE_STRICT_OBJC_MSGSEND = YES;
				GCC_C_LANGUAGE_STANDARD = gnu99;
				GCC_NO_COMMON_BLOCKS = YES;
				GCC_WARN_64_TO_32_BIT_CONVERSION = YES;
				GCC_WARN_ABOUT_RETURN_TYPE = YES_ERROR;
				GCC_WARN_UNDECLARED_SELECTOR = YES;
				GCC_WARN_UNINITIALIZED_AUTOS = YES_AGGRESSIVE;
				GCC_WARN_UNUSED_FUNCTION = YES;
				GCC_WARN_UNUSED_VARIABLE = YES;
				IPHONEOS_DEPLOYMENT_TARGET = 10.2;
				MTL_ENABLE_DEBUG_INFO = NO;
				SDKROOT = iphoneos;
				SWIFT_OPTIMIZATION_LEVEL = "-Owholemodule";
				VALIDATE_PRODUCT = YES;
			};
			name = Release;
		};
		AF8FF9981E35B10300392FA2 /* Debug */ = {
			isa = XCBuildConfiguration;
			buildSettings = {
				ALWAYS_EMBED_SWIFT_STANDARD_LIBRARIES = YES;
				ASSETCATALOG_COMPILER_APPICON_NAME = AppIcon;
				CODE_SIGN_ENTITLEMENTS = "d-a-s-h-e-s/d-a-s-h-e-s.entitlements";
				"CODE_SIGN_IDENTITY[sdk=iphoneos*]" = "iPhone Developer";
				DEVELOPMENT_TEAM = ND43N89R4B;
				INFOPLIST_FILE = "d-a-s-h-e-s/Info.plist";
				LD_RUNPATH_SEARCH_PATHS = "$(inherited) @executable_path/Frameworks";
				PRODUCT_BUNDLE_IDENTIFIER = io.studentdriver.dashes;
				PRODUCT_NAME = "$(TARGET_NAME)";
				SWIFT_SWIFT3_OBJC_INFERENCE = Default;
				SWIFT_VERSION = 4.0;
			};
			name = Debug;
		};
		AF8FF9991E35B10300392FA2 /* Release */ = {
			isa = XCBuildConfiguration;
			buildSettings = {
				ALWAYS_EMBED_SWIFT_STANDARD_LIBRARIES = YES;
				ASSETCATALOG_COMPILER_APPICON_NAME = AppIcon;
				CODE_SIGN_ENTITLEMENTS = "d-a-s-h-e-s/d-a-s-h-e-s.entitlements";
				CODE_SIGN_IDENTITY = "";
				"CODE_SIGN_IDENTITY[sdk=iphoneos*]" = "iPhone Developer";
				DEVELOPMENT_TEAM = ND43N89R4B;
				INFOPLIST_FILE = "d-a-s-h-e-s/Info.plist";
				LD_RUNPATH_SEARCH_PATHS = "$(inherited) @executable_path/Frameworks";
				PRODUCT_BUNDLE_IDENTIFIER = io.studentdriver.dashes;
				PRODUCT_NAME = "$(TARGET_NAME)";
				SWIFT_SWIFT3_OBJC_INFERENCE = Default;
				SWIFT_VERSION = 4.0;
			};
			name = Release;
		};
		AF8FF9A71E35B13B00392FA2 /* Debug */ = {
			isa = XCBuildConfiguration;
			buildSettings = {
				CODE_SIGN_IDENTITY = "";
				"CODE_SIGN_IDENTITY[sdk=iphoneos*]" = "iPhone Developer";
				DEVELOPMENT_TEAM = ND43N89R4B;
				INFOPLIST_FILE = "dashes-keyboard/Info.plist";
				LD_RUNPATH_SEARCH_PATHS = "$(inherited) @executable_path/Frameworks @executable_path/../../Frameworks";
				PRODUCT_BUNDLE_IDENTIFIER = "io.studentdriver.dashes.dashes-keyboard";
				PRODUCT_NAME = "$(TARGET_NAME)";
				SKIP_INSTALL = YES;
				SWIFT_SWIFT3_OBJC_INFERENCE = Default;
				SWIFT_VERSION = 4.0;
			};
			name = Debug;
		};
		AF8FF9A81E35B13B00392FA2 /* Release */ = {
			isa = XCBuildConfiguration;
			buildSettings = {
				CODE_SIGN_IDENTITY = "";
				"CODE_SIGN_IDENTITY[sdk=iphoneos*]" = "iPhone Developer";
				DEVELOPMENT_TEAM = ND43N89R4B;
				INFOPLIST_FILE = "dashes-keyboard/Info.plist";
				LD_RUNPATH_SEARCH_PATHS = "$(inherited) @executable_path/Frameworks @executable_path/../../Frameworks";
				PRODUCT_BUNDLE_IDENTIFIER = "io.studentdriver.dashes.dashes-keyboard";
				PRODUCT_NAME = "$(TARGET_NAME)";
				SKIP_INSTALL = YES;
				SWIFT_SWIFT3_OBJC_INFERENCE = Default;
				SWIFT_VERSION = 4.0;
			};
			name = Release;
		};
/* End XCBuildConfiguration section */

/* Begin XCConfigurationList section */
		AF8FF9801E35B10300392FA2 /* Build configuration list for PBXProject "d-a-s-h-e-s" */ = {
			isa = XCConfigurationList;
			buildConfigurations = (
				AF8FF9951E35B10300392FA2 /* Debug */,
				AF8FF9961E35B10300392FA2 /* Release */,
			);
			defaultConfigurationIsVisible = 0;
			defaultConfigurationName = Release;
		};
		AF8FF9971E35B10300392FA2 /* Build configuration list for PBXNativeTarget "d-a-s-h-e-s" */ = {
			isa = XCConfigurationList;
			buildConfigurations = (
				AF8FF9981E35B10300392FA2 /* Debug */,
				AF8FF9991E35B10300392FA2 /* Release */,
			);
			defaultConfigurationIsVisible = 0;
			defaultConfigurationName = Release;
		};
		AF8FF9A61E35B13B00392FA2 /* Build configuration list for PBXNativeTarget "dashes-keyboard" */ = {
			isa = XCConfigurationList;
			buildConfigurations = (
				AF8FF9A71E35B13B00392FA2 /* Debug */,
				AF8FF9A81E35B13B00392FA2 /* Release */,
			);
			defaultConfigurationIsVisible = 0;
			defaultConfigurationName = Release;
		};
/* End XCConfigurationList section */
	};
	rootObject = AF8FF97D1E35B10300392FA2 /* Project object */;
}
